<Solution>
  <Project Path="Chain-of-Responsability-Handler-Levels/Chain-of-Responsability-Handler-Levels.csproj" />
  <Project Path="EditorArticleMemento/EditorArticleMemento.csproj" />
  <Project Path="FlyWeightCloud/FlyWeightCloud.csproj" />
  <Project Path="HumanResourcesComposite/HumanResourcesComposite.csproj" />
  <Project Path="Loan-Bank-Facade/Loan-Bank-Facade.csproj" />
  <Project Path="LogsProcessorDecorator/LogsProcessorDecorator.csproj" />
  <Project Path="PayBridge/PayBridge.csproj" />
  <Project Path="RegisterStrategy/RegisterStrategy.csproj" />
  <Project Path="ScoutShopPrototype/ScoutShopPrototype.csproj" />
  <Project Path="Singleton-Logger/Singleton-Logger.csproj" />
  <Project Path="SMSAdapter/SMSAdapter.csproj" />
  <Project Path="SqlBuilderExercise/SqlBuilderExercise.csproj" />
</Solution>
